// !$*UTF8*$!
{
	archiveVersion = 1;
	classes = {
	};
	objectVersion = 50;
	objects = {

/* Begin PBXBuildFile section */
		2C4CB3EB21DFEAEA003703A3 /* Default-568h@2x.png in Resources */ = {isa = PBXBuildFile; fileRef = 2C4CB3EA21DFEAE9003703A3 /* Default-568h@2x.png */; };
		2C984D5E21C43DFD00EAACDC /* InternetDetailViewController.swift in Sources */ = {isa = PBXBuildFile; fileRef = 2C984D5D21C43DFD00EAACDC /* InternetDetailViewController.swift */; };
		2C984D6021C4456700EAACDC /* InternetMasterViewController.swift in Sources */ = {isa = PBXBuildFile; fileRef = 2C984D5F21C4456700EAACDC /* InternetMasterViewController.swift */; };
		2CEFB8C421C1AC6B0090CB35 /* AppDelegate.swift in Sources */ = {isa = PBXBuildFile; fileRef = 2CEFB8C321C1AC6B0090CB35 /* AppDelegate.swift */; };
		2CEFB8C621C1AC6B0090CB35 /* ViewController.swift in Sources */ = {isa = PBXBuildFile; fileRef = 2CEFB8C521C1AC6B0090CB35 /* ViewController.swift */; };
		2CEFB8C921C1AC6B0090CB35 /* Main.storyboard in Resources */ = {isa = PBXBuildFile; fileRef = 2CEFB8C721C1AC6B0090CB35 /* Main.storyboard */; };
		2CEFB8CB21C1AC6F0090CB35 /* Assets.xcassets in Resources */ = {isa = PBXBuildFile; fileRef = 2CEFB8CA21C1AC6F0090CB35 /* Assets.xcassets */; };
		2CEFB8CE21C1AC6F0090CB35 /* LaunchScreen.storyboard in Resources */ = {isa = PBXBuildFile; fileRef = 2CEFB8CC21C1AC6F0090CB35 /* LaunchScreen.storyboard */; };
/* End PBXBuildFile section */

/* Begin PBXFileReference section */
		2C4CB3EA21DFEAE9003703A3 /* Default-568h@2x.png */ = {isa = PBXFileReference; lastKnownFileType = image.png; path = "Default-568h@2x.png"; sourceTree = "<group>"; };
		2C984D5D21C43DFD00EAACDC /* InternetDetailViewController.swift */ = {isa = PBXFileReference; lastKnownFileType = sourcecode.swift; path = InternetDetailViewController.swift; sourceTree = "<group>"; };
		2C984D5F21C4456700EAACDC /* InternetMasterViewController.swift */ = {isa = PBXFileReference; lastKnownFileType = sourcecode.swift; path = InternetMasterViewController.swift; sourceTree = "<group>"; };
		2CEFB8C021C1AC6B0090CB35 /* InternetProject.app */ = {isa = PBXFileReference; explicitFileType = wrapper.application; includeInIndex = 0; path = InternetProject.app; sourceTree = BUILT_PRODUCTS_DIR; };
		2CEFB8C321C1AC6B0090CB35 /* AppDelegate.swift */ = {isa = PBXFileReference; lastKnownFileType = sourcecode.swift; path = AppDelegate.swift; sourceTree = "<group>"; };
		2CEFB8C521C1AC6B0090CB35 /* ViewController.swift */ = {isa = PBXFileReference; lastKnownFileType = sourcecode.swift; path = ViewController.swift; sourceTree = "<group>"; };
		2CEFB8C821C1AC6B0090CB35 /* Base */ = {isa = PBXFileReference; lastKnownFileType = file.storyboard; name = Base; path = Base.lproj/Main.storyboard; sourceTree = "<group>"; };
		2CEFB8CA21C1AC6F0090CB35 /* Assets.xcassets */ = {isa = PBXFileReference; lastKnownFileType = folder.assetcatalog; path = Assets.xcassets; sourceTree = "<group>"; };
		2CEFB8CD21C1AC6F0090CB35 /* Base */ = {isa = PBXFileReference; lastKnownFileType = file.storyboard; name = Base; path = Base.lproj/LaunchScreen.storyboard; sourceTree = "<group>"; };
		2CEFB8CF21C1AC6F0090CB35 /* Info.plist */ = {isa = PBXFileReference; lastKnownFileType = text.plist.xml; path = Info.plist; sourceTree = "<group>"; };
/* End PBXFileReference section */

/* Begin PBXFrameworksBuildPhase section */
		2CEFB8BD21C1AC6B0090CB35 /* Frameworks */ = {
			isa = PBXFrameworksBuildPhase;
			buildActionMask = 2147483647;
			files = (
			);
			runOnlyForDeploymentPostprocessing = 0;
		};
/* End PBXFrameworksBuildPhase section */

/* Begin PBXGroup section */
		2C984D5A21C437DD00EAACDC /* View */ = {
			isa = PBXGroup;
			children = (
				2CEFB8C721C1AC6B0090CB35 /* Main.storyboard */,
				2CEFB8CC21C1AC6F0090CB35 /* LaunchScreen.storyboard */,
			);
			path = View;
			sourceTree = "<group>";
		};
		2C984D5B21C4381700EAACDC /* Controller */ = {
			isa = PBXGroup;
			children = (
				2CEFB8C521C1AC6B0090CB35 /* ViewController.swift */,
				2C984D5D21C43DFD00EAACDC /* InternetDetailViewController.swift */,
				2C984D5F21C4456700EAACDC /* InternetMasterViewController.swift */,
			);
			path = Controller;
			sourceTree = "<group>";
		};
		2C984D5C21C4382600EAACDC /* Resources */ = {
			isa = PBXGroup;
			children = (
				2CEFB8C321C1AC6B0090CB35 /* AppDelegate.swift */,
				2CEFB8CF21C1AC6F0090CB35 /* Info.plist */,
				2CEFB8CA21C1AC6F0090CB35 /* Assets.xcassets */,
			);
			path = Resources;
			sourceTree = "<group>";
		};
		2CEFB8B721C1AC6B0090CB35 = {
			isa = PBXGroup;
			children = (
				2C4CB3EA21DFEAE9003703A3 /* Default-568h@2x.png */,
				2CEFB8C221C1AC6B0090CB35 /* InternetProject */,
				2CEFB8C121C1AC6B0090CB35 /* Products */,
			);
			sourceTree = "<group>";
		};
		2CEFB8C121C1AC6B0090CB35 /* Products */ = {
			isa = PBXGroup;
			children = (
				2CEFB8C021C1AC6B0090CB35 /* InternetProject.app */,
			);
			name = Products;
			sourceTree = "<group>";
		};
		2CEFB8C221C1AC6B0090CB35 /* InternetProject */ = {
			isa = PBXGroup;
			children = (
				2C984D5B21C4381700EAACDC /* Controller */,
				2C984D5C21C4382600EAACDC /* Resources */,
				2C984D5A21C437DD00EAACDC /* View */,
			);
			path = InternetProject;
			sourceTree = "<group>";
		};
/* End PBXGroup section */

/* Begin PBXNativeTarget section */
		2CEFB8BF21C1AC6B0090CB35 /* InternetProject */ = {
			isa = PBXNativeTarget;
			buildConfigurationList = 2CEFB8D221C1AC6F0090CB35 /* Build configuration list for PBXNativeTarget "InternetProject" */;
			buildPhases = (
				2CEFB8BC21C1AC6B0090CB35 /* Sources */,
				2CEFB8BD21C1AC6B0090CB35 /* Frameworks */,
				2CEFB8BE21C1AC6B0090CB35 /* Resources */,
			);
			buildRules = (
			);
			dependencies = (
			);
			name = InternetProject;
			productName = InternetProject;
			productReference = 2CEFB8C021C1AC6B0090CB35 /* InternetProject.app */;
			productType = "com.apple.product-type.application";
		};
/* End PBXNativeTarget section */

/* Begin PBXProject section */
		2CEFB8B821C1AC6B0090CB35 /* Project object */ = {
			isa = PBXProject;
			attributes = {
				LastSwiftUpdateCheck = 1000;
				LastUpgradeCheck = 1000;
				ORGANIZATIONNAME = CTEC;
				TargetAttributes = {
					2CEFB8BF21C1AC6B0090CB35 = {
						CreatedOnToolsVersion = 10.0;
					};
				};
			};
			buildConfigurationList = 2CEFB8BB21C1AC6B0090CB35 /* Build configuration list for PBXProject "InternetProject" */;
			compatibilityVersion = "Xcode 9.3";
			developmentRegion = en;
			hasScannedForEncodings = 0;
			knownRegions = (
				en,
				Base,
			);
			mainGroup = 2CEFB8B721C1AC6B0090CB35;
			productRefGroup = 2CEFB8C121C1AC6B0090CB35 /* Products */;
			projectDirPath = "";
			projectRoot = "";
			targets = (
				2CEFB8BF21C1AC6B0090CB35 /* InternetProject */,
			);
		};
/* End PBXProject section */

/* Begin PBXResourcesBuildPhase section */
		2CEFB8BE21C1AC6B0090CB35 /* Resources */ = {
			isa = PBXResourcesBuildPhase;
			buildActionMask = 2147483647;
			files = (
				2CEFB8CE21C1AC6F0090CB35 /* LaunchScreen.storyboard in Resources */,
				2C4CB3EB21DFEAEA003703A3 /* Default-568h@2x.png in Resources */,
				2CEFB8CB21C1AC6F0090CB35 /* Assets.xcassets in Resources */,
				2CEFB8C921C1AC6B0090CB35 /* Main.storyboard in Resources */,
			);
			runOnlyForDeploymentPostprocessing = 0;
		};
/* End PBXResourcesBuildPhase section */

/* Begin PBXSourcesBuildPhase section */
		2CEFB8BC21C1AC6B0090CB35 /* Sources */ = {
			isa = PBXSourcesBuildPhase;
			buildActionMask = 2147483647;
			files = (
				2CEFB8C621C1AC6B0090CB35 /* ViewController.swift in Sources */,
				2C984D6021C4456700EAACDC /* InternetMasterViewController.swift in Sources */,
				2C984D5E21C43DFD00EAACDC /* InternetDetailViewController.swift in Sources */,
				2CEFB8C421C1AC6B0090CB35 /* AppDelegate.swift in Sources */,
			);
			runOnlyForDeploymentPostprocessing = 0;
		};
/* End PBXSourcesBuildPhase section */

/* Begin PBXVariantGroup section */
		2CEFB8C721C1AC6B0090CB35 /* Main.storyboard */ = {
			isa = PBXVariantGroup;
			children = (
				2CEFB8C821C1AC6B0090CB35 /* Base */,
			);
			name = Main.storyboard;
			sourceTree = "<group>";
		};
		2CEFB8CC21C1AC6F0090CB35 /* LaunchScreen.storyboard */ = {
			isa = PBXVariantGroup;
			children = (
				2CEFB8CD21C1AC6F0090CB35 /* Base */,
			);
			name = LaunchScreen.storyboard;
			sourceTree = "<group>";
		};
/* End PBXVariantGroup section */

/* Begin XCBuildConfiguration section */
		2CEFB8D021C1AC6F0090CB35 /* Debug */ = {
			isa = XCBuildConfiguration;
			buildSettings = {
				ALWAYS_SEARCH_USER_PATHS = NO;
				CLANG_ANALYZER_NONNULL = YES;
				CLANG_ANALYZER_NUMBER_OBJECT_CONVERSION = YES_AGGRESSIVE;
				CLANG_CXX_LANGUAGE_STANDARD = "gnu++14";
				CLANG_CXX_LIBRARY = "libc++";
				CLANG_ENABLE_MODULES = YES;
				CLANG_ENABLE_OBJC_ARC = YES;
				CLANG_ENABLE_OBJC_WEAK = YES;
				CLANG_WARN_BLOCK_CAPTURE_AUTORELEASING = YES;
				CLANG_WARN_BOOL_CONVERSION = YES;
				CLANG_WARN_COMMA = YES;
				CLANG_WARN_CONSTANT_CONVERSION = YES;
				CLANG_WARN_DEPRECATED_OBJC_IMPLEMENTATIONS = YES;
				CLANG_WARN_DIRECT_OBJC_ISA_USAGE = YES_ERROR;
				CLANG_WARN_DOCUMENTATION_COMMENTS = YES;
				CLANG_WARN_EMPTY_BODY = YES;
				CLANG_WARN_ENUM_CONVERSION = YES;
				CLANG_WARN_INFINITE_RECURSION = YES;
				CLANG_WARN_INT_CONVERSION = YES;
				CLANG_WARN_NON_LITERAL_NULL_CONVERSION = YES;
				CLANG_WARN_OBJC_IMPLICIT_RETAIN_SELF = YES;
				CLANG_WARN_OBJC_LITERAL_CONVERSION = YES;
				CLANG_WARN_OBJC_ROOT_CLASS = YES_ERROR;
				CLANG_WARN_RANGE_LOOP_ANALYSIS = YES;
				CLANG_WARN_STRICT_PROTOTYPES = YES;
				CLANG_WARN_SUSPICIOUS_MOVE = YES;
				CLANG_WARN_UNGUARDED_AVAILABILITY = YES_AGGRESSIVE;
				CLANG_WARN_UNREACHABLE_CODE = YES;
				CLANG_WARN__DUPLICATE_METHOD_MATCH = YES;
				CODE_SIGN_IDENTITY = "iPhone Developer";
				COPY_PHASE_STRIP = NO;
				DEBUG_INFORMATION_FORMAT = dwarf;
				ENABLE_STRICT_OBJC_MSGSEND = YES;
				ENABLE_TESTABILITY = YES;
				GCC_C_LANGUAGE_STANDARD = gnu11;
				GCC_DYNAMIC_NO_PIC = NO;
				GCC_NO_COMMON_BLOCKS = YES;
				GCC_OPTIMIZATION_LEVEL = 0;
				GCC_PREPROCESSOR_DEFINITIONS = (
					"DEBUG=1",
					"$(inherited)",
				);
				GCC_WARN_64_TO_32_BIT_CONVERSION = YES;
				GCC_WARN_ABOUT_RETURN_TYPE = YES_ERROR;
				GCC_WARN_UNDECLARED_SELECTOR = YES;
				GCC_WARN_UNINITIALIZED_AUTOS = YES_AGGRESSIVE;
				GCC_WARN_UNUSED_FUNCTION = YES;
				GCC_WARN_UNUSED_VARIABLE = YES;
				IPHONEOS_DEPLOYMENT_TARGET = 12.0;
				MTL_ENABLE_DEBUG_INFO = INCLUDE_SOURCE;
				MTL_FAST_MATH = YES;
				ONLY_ACTIVE_ARCH = YES;
				SDKROOT = iphoneos;
				SWIFT_ACTIVE_COMPILATION_CONDITIONS = DEBUG;
				SWIFT_OPTIMIZATION_LEVEL = "-Onone";
			};
			name = Debug;
		};
		2CEFB8D121C1AC6F0090CB35 /* Release */ = {
			isa = XCBuildConfiguration;
			buildSettings = {
				ALWAYS_SEARCH_USER_PATHS = NO;
				CLANG_ANALYZER_NONNULL = YES;
				CLANG_ANALYZER_NUMBER_OBJECT_CONVERSION = YES_AGGRESSIVE;
				CLANG_CXX_LANGUAGE_STANDARD = "gnu++14";
				CLANG_CXX_LIBRARY = "libc++";
				CLANG_ENABLE_MODULES = YES;
				CLANG_ENABLE_OBJC_ARC = YES;
				CLANG_ENABLE_OBJC_WEAK = YES;
				CLANG_WARN_BLOCK_CAPTURE_AUTORELEASING = YES;
				CLANG_WARN_BOOL_CONVERSION = YES;
				CLANG_WARN_COMMA = YES;
				CLANG_WARN_CONSTANT_CONVERSION = YES;
				CLANG_WARN_DEPRECATED_OBJC_IMPLEMENTATIONS = YES;
				CLANG_WARN_DIRECT_OBJC_ISA_USAGE = YES_ERROR;
				CLANG_WARN_DOCUMENTATION_COMMENTS = YES;
				CLANG_WARN_EMPTY_BODY = YES;
				CLANG_WARN_ENUM_CONVERSION = YES;
				CLANG_WARN_INFINITE_RECURSION = YES;
				CLANG_WARN_INT_CONVERSION = YES;
				CLANG_WARN_NON_LITERAL_NULL_CONVERSION = YES;
				CLANG_WARN_OBJC_IMPLICIT_RETAIN_SELF = YES;
				CLANG_WARN_OBJC_LITERAL_CONVERSION = YES;
				CLANG_WARN_OBJC_ROOT_CLASS = YES_ERROR;
				CLANG_WARN_RANGE_LOOP_ANALYSIS = YES;
				CLANG_WARN_STRICT_PROTOTYPES = YES;
				CLANG_WARN_SUSPICIOUS_MOVE = YES;
				CLANG_WARN_UNGUARDED_AVAILABILITY = YES_AGGRESSIVE;
				CLANG_WARN_UNREACHABLE_CODE = YES;
				CLANG_WARN__DUPLICATE_METHOD_MATCH = YES;
				CODE_SIGN_IDENTITY = "iPhone Developer";
				COPY_PHASE_STRIP = NO;
				DEBUG_INFORMATION_FORMAT = "dwarf-with-dsym";
				ENABLE_NS_ASSERTIONS = NO;
				ENABLE_STRICT_OBJC_MSGSEND = YES;
				GCC_C_LANGUAGE_STANDARD = gnu11;
				GCC_NO_COMMON_BLOCKS = YES;
				GCC_WARN_64_TO_32_BIT_CONVERSION = YES;
				GCC_WARN_ABOUT_RETURN_TYPE = YES_ERROR;
				GCC_WARN_UNDECLARED_SELECTOR = YES;
				GCC_WARN_UNINITIALIZED_AUTOS = YES_AGGRESSIVE;
				GCC_WARN_UNUSED_FUNCTION = YES;
				GCC_WARN_UNUSED_VARIABLE = YES;
				IPHONEOS_DEPLOYMENT_TARGET = 12.0;
				MTL_ENABLE_DEBUG_INFO = NO;
				MTL_FAST_MATH = YES;
				SDKROOT = iphoneos;
				SWIFT_COMPILATION_MODE = wholemodule;
				SWIFT_OPTIMIZATION_LEVEL = "-O";
				VALIDATE_PRODUCT = YES;
			};
			name = Release;
		};
		2CEFB8D321C1AC6F0090CB35 /* Debug */ = {
			isa = XCBuildConfiguration;
			buildSettings = {
				ASSETCATALOG_COMPILER_APPICON_NAME = AppIcon;
				CODE_SIGN_STYLE = Automatic;
				INFOPLIST_FILE = InternetProject/Info.plist;
				LD_RUNPATH_SEARCH_PATHS = (
					"$(inherited)",
					"@executable_path/Frameworks",
				);
				PRODUCT_BUNDLE_IDENTIFIER = CTEC.InternetProject;
				PRODUCT_NAME = "$(TARGET_NAME)";
				SWIFT_VERSION = 4.2;
				TARGETED_DEVICE_FAMILY = "1,2";
			};
			name = Debug;
		};
		2CEFB8D421C1AC6F0090CB35 /* Release */ = {
			isa = XCBuildConfiguration;
			buildSettings = {
				ASSETCATALOG_COMPILER_APPICON_NAME = AppIcon;
				CODE_SIGN_STYLE = Automatic;
				INFOPLIST_FILE = InternetProject/Info.plist;
				LD_RUNPATH_SEARCH_PATHS = (
					"$(inherited)",
					"@executable_path/Frameworks",
				);
				PRODUCT_BUNDLE_IDENTIFIER = CTEC.InternetProject;
				PRODUCT_NAME = "$(TARGET_NAME)";
				SWIFT_VERSION = 4.2;
				TARGETED_DEVICE_FAMILY = "1,2";
			};
			name = Release;
		};
/* End XCBuildConfiguration section */

/* Begin XCConfigurationList section */
		2CEFB8BB21C1AC6B0090CB35 /* Build configuration list for PBXProject "InternetProject" */ = {
			isa = XCConfigurationList;
			buildConfigurations = (
				2CEFB8D021C1AC6F0090CB35 /* Debug */,
				2CEFB8D121C1AC6F0090CB35 /* Release */,
			);
			defaultConfigurationIsVisible = 0;
			defaultConfigurationName = Release;
		};
		2CEFB8D221C1AC6F0090CB35 /* Build configuration list for PBXNativeTarget "InternetProject" */ = {
			isa = XCConfigurationList;
			buildConfigurations = (
				2CEFB8D321C1AC6F0090CB35 /* Debug */,
				2CEFB8D421C1AC6F0090CB35 /* Release */,
			);
			defaultConfigurationIsVisible = 0;
			defaultConfigurationName = Release;
		};
/* End XCConfigurationList section */
	};
	rootObject = 2CEFB8B821C1AC6B0090CB35 /* Project object */;
}
